
Microsoft Visual Studio Solution File, Format Version 12.00
# Visual Studio 15
VisualStudioVersion = 15.0.28307.489
MinimumVisualStudioVersion = 10.0.40219.1
Project("{FAE04EC0-301F-11D3-BF4B-00C04F79EFBC}") = "OrderProgram", "OrderProgram\OrderProgram.csproj", "{2747C28B-972B-45B9-AB7A-AF6F1319B59D}"
EndProject
Project("{FAE04EC0-301F-11D3-BF4B-00C04F79EFBC}") = "OrderProgramTests", "OrderProgramTests\OrderProgramTests.csproj", "{74F2B034-BE23-4563-868D-3870E20ABF8D}"
EndProject
Project("{FAE04EC0-301F-11D3-BF4B-00C04F79EFBC}") = "OrderServiceWFA", "OrderServiceWFA\OrderServiceWFA.csproj", "{86B7894D-28EC-4376-9CEC-FDA1DB7F0F1A}"
EndProject
Global
	GlobalSection(SolutionConfigurationPlatforms) = preSolution
		Debug|Any CPU = Debug|Any CPU
		Release|Any CPU = Release|Any CPU
	EndGlobalSection
	GlobalSection(ProjectConfigurationPlatforms) = postSolution
		{2747C28B-972B-45B9-AB7A-AF6F1319B59D}.Debug|Any CPU.ActiveCfg = Debug|Any CPU
		{2747C28B-972B-45B9-AB7A-AF6F1319B59D}.Debug|Any CPU.Build.0 = Debug|Any CPU
		{2747C28B-972B-45B9-AB7A-AF6F1319B59D}.Release|Any CPU.ActiveCfg = Release|Any CPU
		{2747C28B-972B-45B9-AB7A-AF6F1319B59D}.Release|Any CPU.Build.0 = Release|Any CPU
		{74F2B034-BE23-4563-868D-3870E20ABF8D}.Debug|Any CPU.ActiveCfg = Debug|Any CPU
		{74F2B034-BE23-4563-868D-3870E20ABF8D}.Debug|Any CPU.Build.0 = Debug|Any CPU
		{74F2B034-BE23-4563-868D-3870E20ABF8D}.Release|Any CPU.ActiveCfg = Release|Any CPU
		{74F2B034-BE23-4563-868D-3870E20ABF8D}.Release|Any CPU.Build.0 = Release|Any CPU
		{86B7894D-28EC-4376-9CEC-FDA1DB7F0F1A}.Debug|Any CPU.ActiveCfg = Debug|Any CPU
		{86B7894D-28EC-4376-9CEC-FDA1DB7F0F1A}.Debug|Any CPU.Build.0 = Debug|Any CPU
		{86B7894D-28EC-4376-9CEC-FDA1DB7F0F1A}.Release|Any CPU.ActiveCfg = Release|Any CPU
		{86B7894D-28EC-4376-9CEC-FDA1DB7F0F1A}.Release|Any CPU.Build.0 = Release|Any CPU
	EndGlobalSection
	GlobalSection(SolutionProperties) = preSolution
		HideSolutionNode = FALSE
	EndGlobalSection
	GlobalSection(ExtensibilityGlobals) = postSolution
		SolutionGuid = {CDF19CB1-2574-4F56-84AC-14AC0EF03193}
	EndGlobalSection
EndGlobal
