
Microsoft Visual Studio Solution File, Format Version 12.00
# Visual Studio 15
VisualStudioVersion = 15.0.28307.489
MinimumVisualStudioVersion = 10.0.40219.1
Project("{FAE04EC0-301F-11D3-BF4B-00C04F79EFBC}") = "PrimeNum", "PrimeNum\PrimeNum.csproj", "{CFAA2E84-E77F-4EB9-9B36-1A16519B803B}"
EndProject
Global
	GlobalSection(SolutionConfigurationPlatforms) = preSolution
		Debug|Any CPU = Debug|Any CPU
		Release|Any CPU = Release|Any CPU
	EndGlobalSection
	GlobalSection(ProjectConfigurationPlatforms) = postSolution
		{CFAA2E84-E77F-4EB9-9B36-1A16519B803B}.Debug|Any CPU.ActiveCfg = Debug|Any CPU
		{CFAA2E84-E77F-4EB9-9B36-1A16519B803B}.Debug|Any CPU.Build.0 = Debug|Any CPU
		{CFAA2E84-E77F-4EB9-9B36-1A16519B803B}.Release|Any CPU.ActiveCfg = Release|Any CPU
		{CFAA2E84-E77F-4EB9-9B36-1A16519B803B}.Release|Any CPU.Build.0 = Release|Any CPU
	EndGlobalSection
	GlobalSection(SolutionProperties) = preSolution
		HideSolutionNode = FALSE
	EndGlobalSection
	GlobalSection(ExtensibilityGlobals) = postSolution
		SolutionGuid = {64F14E0E-9E44-4190-BE74-3C6B025CBCC3}
	EndGlobalSection
EndGlobal
