
Microsoft Visual Studio Solution File, Format Version 12.00
# Visual Studio 15
VisualStudioVersion = 15.0.28307.489
MinimumVisualStudioVersion = 10.0.40219.1
Project("{FAE04EC0-301F-11D3-BF4B-00C04F79EFBC}") = "Calculator", "Calculator\Calculator.csproj", "{00E9DC3A-188F-4A8E-A110-B2D7349CD15D}"
EndProject
Global
	GlobalSection(SolutionConfigurationPlatforms) = preSolution
		Debug|Any CPU = Debug|Any CPU
		Release|Any CPU = Release|Any CPU
	EndGlobalSection
	GlobalSection(ProjectConfigurationPlatforms) = postSolution
		{00E9DC3A-188F-4A8E-A110-B2D7349CD15D}.Debug|Any CPU.ActiveCfg = Debug|Any CPU
		{00E9DC3A-188F-4A8E-A110-B2D7349CD15D}.Debug|Any CPU.Build.0 = Debug|Any CPU
		{00E9DC3A-188F-4A8E-A110-B2D7349CD15D}.Release|Any CPU.ActiveCfg = Release|Any CPU
		{00E9DC3A-188F-4A8E-A110-B2D7349CD15D}.Release|Any CPU.Build.0 = Release|Any CPU
	EndGlobalSection
	GlobalSection(SolutionProperties) = preSolution
		HideSolutionNode = FALSE
	EndGlobalSection
	GlobalSection(ExtensibilityGlobals) = postSolution
		SolutionGuid = {4530E1AE-01A3-47A8-BEC0-1F91ECBA7FF6}
	EndGlobalSection
EndGlobal
