
Microsoft Visual Studio Solution File, Format Version 12.00
# Visual Studio 15
VisualStudioVersion = 15.0.28307.489
MinimumVisualStudioVersion = 10.0.40219.1
Project("{FAE04EC0-301F-11D3-BF4B-00C04F79EFBC}") = "CalculatorWF", "CalculatorWF\CalculatorWF.csproj", "{8AECC8AB-1E67-4FC9-BAE9-5763BB54EBFE}"
EndProject
Global
	GlobalSection(SolutionConfigurationPlatforms) = preSolution
		Debug|Any CPU = Debug|Any CPU
		Release|Any CPU = Release|Any CPU
	EndGlobalSection
	GlobalSection(ProjectConfigurationPlatforms) = postSolution
		{8AECC8AB-1E67-4FC9-BAE9-5763BB54EBFE}.Debug|Any CPU.ActiveCfg = Debug|Any CPU
		{8AECC8AB-1E67-4FC9-BAE9-5763BB54EBFE}.Debug|Any CPU.Build.0 = Debug|Any CPU
		{8AECC8AB-1E67-4FC9-BAE9-5763BB54EBFE}.Release|Any CPU.ActiveCfg = Release|Any CPU
		{8AECC8AB-1E67-4FC9-BAE9-5763BB54EBFE}.Release|Any CPU.Build.0 = Release|Any CPU
	EndGlobalSection
	GlobalSection(SolutionProperties) = preSolution
		HideSolutionNode = FALSE
	EndGlobalSection
	GlobalSection(ExtensibilityGlobals) = postSolution
		SolutionGuid = {C04928D1-7612-4D5A-8A03-107856D98CA6}
	EndGlobalSection
EndGlobal
